
Microsoft Visual Studio Solution File, Format Version 12.00
# Visual Studio Version 16
VisualStudioVersion = 16.0.30711.63
MinimumVisualStudioVersion = 10.0.40219.1
Project("{9A19103F-16F7-4668-BE54-9A1E7A4F7556}") = "PropertyCharge", "PropertyCharge\PropertyCharge.csproj", "{8111F933-6D22-4AFE-81BD-2D239772B812}"
EndProject
Global
	GlobalSection(SolutionConfigurationPlatforms) = preSolution
		Debug|Any CPU = Debug|Any CPU
		Release|Any CPU = Release|Any CPU
	EndGlobalSection
	GlobalSection(ProjectConfigurationPlatforms) = postSolution
		{8111F933-6D22-4AFE-81BD-2D239772B812}.Debug|Any CPU.ActiveCfg = Debug|Any CPU
		{8111F933-6D22-4AFE-81BD-2D239772B812}.Debug|Any CPU.Build.0 = Debug|Any CPU
		{8111F933-6D22-4AFE-81BD-2D239772B812}.Release|Any CPU.ActiveCfg = Release|Any CPU
		{8111F933-6D22-4AFE-81BD-2D239772B812}.Release|Any CPU.Build.0 = Release|Any CPU
	EndGlobalSection
	GlobalSection(SolutionProperties) = preSolution
		HideSolutionNode = FALSE
	EndGlobalSection
	GlobalSection(ExtensibilityGlobals) = postSolution
		SolutionGuid = {73D1727E-8CFB-4597-AF3F-5C8E7A29034B}
	EndGlobalSection
EndGlobal
